// !$*UTF8*$!
{
	archiveVersion = 1;
	classes = {
	};
	objectVersion = 50;
	objects = {

/* Begin PBXBuildFile section */
		287CEE7F2836EA050015E90F /* BreakItemCell.swift in Sources */ = {isa = PBXBuildFile; fileRef = 287CEE7D2836EA050015E90F /* BreakItemCell.swift */; };
		288356E928385335004898BB /* QuoteData.swift in Sources */ = {isa = PBXBuildFile; fileRef = 288356E828385335004898BB /* QuoteData.swift */; };
		288356EC283853E5004898BB /* QuoteManager.swift in Sources */ = {isa = PBXBuildFile; fileRef = 288356EB283853E5004898BB /* QuoteManager.swift */; };
		288356F0283855B4004898BB /* QuoteModel.swift in Sources */ = {isa = PBXBuildFile; fileRef = 288356EF283855B4004898BB /* QuoteModel.swift */; };
		288356F728386384004898BB /* QuoteManagerDelegate.swift in Sources */ = {isa = PBXBuildFile; fileRef = 288356F628386384004898BB /* QuoteManagerDelegate.swift */; };
		288356FD28387873004898BB /* DeleteBreakController.swift in Sources */ = {isa = PBXBuildFile; fileRef = 288356FC28387873004898BB /* DeleteBreakController.swift */; };
		288357032839A702004898BB /* CountDownDelegate.swift in Sources */ = {isa = PBXBuildFile; fileRef = 288357022839A702004898BB /* CountDownDelegate.swift */; };
		2883570B2839B5EF004898BB /* AddBreakViewController.swift in Sources */ = {isa = PBXBuildFile; fileRef = 2883570A2839B5EF004898BB /* AddBreakViewController.swift */; };
		28A1B9612834776C00057130 /* AppDelegate.swift in Sources */ = {isa = PBXBuildFile; fileRef = 28A1B9602834776C00057130 /* AppDelegate.swift */; };
		28A1B9632834776C00057130 /* SceneDelegate.swift in Sources */ = {isa = PBXBuildFile; fileRef = 28A1B9622834776C00057130 /* SceneDelegate.swift */; };
		28A1B9652834776C00057130 /* BreakItemViewController.swift in Sources */ = {isa = PBXBuildFile; fileRef = 28A1B9642834776C00057130 /* BreakItemViewController.swift */; };
		28A1B9682834776C00057130 /* Main.storyboard in Resources */ = {isa = PBXBuildFile; fileRef = 28A1B9662834776C00057130 /* Main.storyboard */; };
		28A1B96B2834776C00057130 /* UnplugApp.xcdatamodeld in Sources */ = {isa = PBXBuildFile; fileRef = 28A1B9692834776C00057130 /* UnplugApp.xcdatamodeld */; };
		28A1B96D2834777000057130 /* Assets.xcassets in Resources */ = {isa = PBXBuildFile; fileRef = 28A1B96C2834777000057130 /* Assets.xcassets */; };
		28A1B9702834777000057130 /* LaunchScreen.storyboard in Resources */ = {isa = PBXBuildFile; fileRef = 28A1B96E2834777000057130 /* LaunchScreen.storyboard */; };
		28A1B97A28347AB100057130 /* BreaksViewController.swift in Sources */ = {isa = PBXBuildFile; fileRef = 28A1B97928347AB100057130 /* BreaksViewController.swift */; };
		28A1B98328348CDA00057130 /* BreakStruct.swift in Sources */ = {isa = PBXBuildFile; fileRef = 28A1B98228348CDA00057130 /* BreakStruct.swift */; };
		28EB51492837245B00059F79 /* BreakItemCell.xib in Resources */ = {isa = PBXBuildFile; fileRef = 28EB5142283722F900059F79 /* BreakItemCell.xib */; };
/* End PBXBuildFile section */

/* Begin PBXFileReference section */
		287CEE7D2836EA050015E90F /* BreakItemCell.swift */ = {isa = PBXFileReference; lastKnownFileType = sourcecode.swift; path = BreakItemCell.swift; sourceTree = "<group>"; };
		288356E828385335004898BB /* QuoteData.swift */ = {isa = PBXFileReference; lastKnownFileType = sourcecode.swift; path = QuoteData.swift; sourceTree = "<group>"; };
		288356EB283853E5004898BB /* QuoteManager.swift */ = {isa = PBXFileReference; lastKnownFileType = sourcecode.swift; path = QuoteManager.swift; sourceTree = "<group>"; };
		288356EF283855B4004898BB /* QuoteModel.swift */ = {isa = PBXFileReference; lastKnownFileType = sourcecode.swift; path = QuoteModel.swift; sourceTree = "<group>"; };
		288356F628386384004898BB /* QuoteManagerDelegate.swift */ = {isa = PBXFileReference; lastKnownFileType = sourcecode.swift; path = QuoteManagerDelegate.swift; sourceTree = "<group>"; };
		288356FC28387873004898BB /* DeleteBreakController.swift */ = {isa = PBXFileReference; lastKnownFileType = sourcecode.swift; path = DeleteBreakController.swift; sourceTree = "<group>"; };
		288357022839A702004898BB /* CountDownDelegate.swift */ = {isa = PBXFileReference; lastKnownFileType = sourcecode.swift; path = CountDownDelegate.swift; sourceTree = "<group>"; };
		2883570A2839B5EF004898BB /* AddBreakViewController.swift */ = {isa = PBXFileReference; lastKnownFileType = sourcecode.swift; path = AddBreakViewController.swift; sourceTree = "<group>"; };
		28A1B95D2834776C00057130 /* UnplugApp.app */ = {isa = PBXFileReference; explicitFileType = wrapper.application; includeInIndex = 0; path = UnplugApp.app; sourceTree = BUILT_PRODUCTS_DIR; };
		28A1B9602834776C00057130 /* AppDelegate.swift */ = {isa = PBXFileReference; lastKnownFileType = sourcecode.swift; path = AppDelegate.swift; sourceTree = "<group>"; };
		28A1B9622834776C00057130 /* SceneDelegate.swift */ = {isa = PBXFileReference; lastKnownFileType = sourcecode.swift; path = SceneDelegate.swift; sourceTree = "<group>"; };
		28A1B9642834776C00057130 /* BreakItemViewController.swift */ = {isa = PBXFileReference; lastKnownFileType = sourcecode.swift; path = BreakItemViewController.swift; sourceTree = "<group>"; };
		28A1B9672834776C00057130 /* Base */ = {isa = PBXFileReference; lastKnownFileType = file.storyboard; name = Base; path = Base.lproj/Main.storyboard; sourceTree = "<group>"; };
		28A1B96A2834776C00057130 /* UnplugApp.xcdatamodel */ = {isa = PBXFileReference; lastKnownFileType = wrapper.xcdatamodel; path = UnplugApp.xcdatamodel; sourceTree = "<group>"; };
		28A1B96C2834777000057130 /* Assets.xcassets */ = {isa = PBXFileReference; lastKnownFileType = folder.assetcatalog; path = Assets.xcassets; sourceTree = "<group>"; };
		28A1B96F2834777000057130 /* Base */ = {isa = PBXFileReference; lastKnownFileType = file.storyboard; name = Base; path = Base.lproj/LaunchScreen.storyboard; sourceTree = "<group>"; };
		28A1B9712834777000057130 /* Info.plist */ = {isa = PBXFileReference; lastKnownFileType = text.plist.xml; path = Info.plist; sourceTree = "<group>"; };
		28A1B97928347AB100057130 /* BreaksViewController.swift */ = {isa = PBXFileReference; lastKnownFileType = sourcecode.swift; path = BreaksViewController.swift; sourceTree = "<group>"; };
		28A1B98228348CDA00057130 /* BreakStruct.swift */ = {isa = PBXFileReference; lastKnownFileType = sourcecode.swift; path = BreakStruct.swift; sourceTree = "<group>"; };
		28EB5142283722F900059F79 /* BreakItemCell.xib */ = {isa = PBXFileReference; fileEncoding = 4; lastKnownFileType = file.xib; path = BreakItemCell.xib; sourceTree = "<group>"; };
/* End PBXFileReference section */

/* Begin PBXFrameworksBuildPhase section */
		28A1B95A2834776C00057130 /* Frameworks */ = {
			isa = PBXFrameworksBuildPhase;
			buildActionMask = 2147483647;
			files = (
			);
			runOnlyForDeploymentPostprocessing = 0;
		};
/* End PBXFrameworksBuildPhase section */

/* Begin PBXGroup section */
		288356F528386363004898BB /* Managers */ = {
			isa = PBXGroup;
			children = (
				288356EB283853E5004898BB /* QuoteManager.swift */,
				288356F628386384004898BB /* QuoteManagerDelegate.swift */,
				288357022839A702004898BB /* CountDownDelegate.swift */,
			);
			path = Managers;
			sourceTree = "<group>";
		};
		28A1B9542834776C00057130 = {
			isa = PBXGroup;
			children = (
				28A1B95F2834776C00057130 /* UnplugApp */,
				28A1B95E2834776C00057130 /* Products */,
			);
			sourceTree = "<group>";
		};
		28A1B95E2834776C00057130 /* Products */ = {
			isa = PBXGroup;
			children = (
				28A1B95D2834776C00057130 /* UnplugApp.app */,
			);
			name = Products;
			sourceTree = "<group>";
		};
		28A1B95F2834776C00057130 /* UnplugApp */ = {
			isa = PBXGroup;
			children = (
				288356F528386363004898BB /* Managers */,
				28A1B98128348ABD00057130 /* Controller */,
				28A1B98028348AB600057130 /* View */,
				28A1B97F28348AAE00057130 /* Model */,
				28A1B9602834776C00057130 /* AppDelegate.swift */,
				28A1B9622834776C00057130 /* SceneDelegate.swift */,
				28A1B96C2834777000057130 /* Assets.xcassets */,
				28A1B9712834777000057130 /* Info.plist */,
			);
			path = UnplugApp;
			sourceTree = "<group>";
		};
		28A1B97F28348AAE00057130 /* Model */ = {
			isa = PBXGroup;
			children = (
				28A1B9692834776C00057130 /* UnplugApp.xcdatamodeld */,
				28A1B98228348CDA00057130 /* BreakStruct.swift */,
				288356E828385335004898BB /* QuoteData.swift */,
				288356EF283855B4004898BB /* QuoteModel.swift */,
			);
			path = Model;
			sourceTree = "<group>";
		};
		28A1B98028348AB600057130 /* View */ = {
			isa = PBXGroup;
			children = (
				28EB5142283722F900059F79 /* BreakItemCell.xib */,
				28A1B96E2834777000057130 /* LaunchScreen.storyboard */,
				28A1B9662834776C00057130 /* Main.storyboard */,
			);
			path = View;
			sourceTree = "<group>";
		};
		28A1B98128348ABD00057130 /* Controller */ = {
			isa = PBXGroup;
			children = (
				28A1B97928347AB100057130 /* BreaksViewController.swift */,
				287CEE7D2836EA050015E90F /* BreakItemCell.swift */,
				28A1B9642834776C00057130 /* BreakItemViewController.swift */,
				288356FC28387873004898BB /* DeleteBreakController.swift */,
				2883570A2839B5EF004898BB /* AddBreakViewController.swift */,
			);
			path = Controller;
			sourceTree = "<group>";
		};
/* End PBXGroup section */

/* Begin PBXNativeTarget section */
		28A1B95C2834776C00057130 /* UnplugApp */ = {
			isa = PBXNativeTarget;
			buildConfigurationList = 28A1B9742834777000057130 /* Build configuration list for PBXNativeTarget "UnplugApp" */;
			buildPhases = (
				28A1B9592834776C00057130 /* Sources */,
				28A1B95A2834776C00057130 /* Frameworks */,
				28A1B95B2834776C00057130 /* Resources */,
			);
			buildRules = (
			);
			dependencies = (
			);
			name = UnplugApp;
			productName = UnplugApp;
			productReference = 28A1B95D2834776C00057130 /* UnplugApp.app */;
			productType = "com.apple.product-type.application";
		};
/* End PBXNativeTarget section */

/* Begin PBXProject section */
		28A1B9552834776C00057130 /* Project object */ = {
			isa = PBXProject;
			attributes = {
				LastSwiftUpdateCheck = 1240;
				LastUpgradeCheck = 1240;
				TargetAttributes = {
					28A1B95C2834776C00057130 = {
						CreatedOnToolsVersion = 12.4;
					};
				};
			};
			buildConfigurationList = 28A1B9582834776C00057130 /* Build configuration list for PBXProject "UnplugApp" */;
			compatibilityVersion = "Xcode 9.3";
			developmentRegion = en;
			hasScannedForEncodings = 0;
			knownRegions = (
				en,
				Base,
			);
			mainGroup = 28A1B9542834776C00057130;
			productRefGroup = 28A1B95E2834776C00057130 /* Products */;
			projectDirPath = "";
			projectRoot = "";
			targets = (
				28A1B95C2834776C00057130 /* UnplugApp */,
			);
		};
/* End PBXProject section */

/* Begin PBXResourcesBuildPhase section */
		28A1B95B2834776C00057130 /* Resources */ = {
			isa = PBXResourcesBuildPhase;
			buildActionMask = 2147483647;
			files = (
				28A1B9702834777000057130 /* LaunchScreen.storyboard in Resources */,
				28A1B96D2834777000057130 /* Assets.xcassets in Resources */,
				28EB51492837245B00059F79 /* BreakItemCell.xib in Resources */,
				28A1B9682834776C00057130 /* Main.storyboard in Resources */,
			);
			runOnlyForDeploymentPostprocessing = 0;
		};
/* End PBXResourcesBuildPhase section */

/* Begin PBXSourcesBuildPhase section */
		28A1B9592834776C00057130 /* Sources */ = {
			isa = PBXSourcesBuildPhase;
			buildActionMask = 2147483647;
			files = (
				288356F0283855B4004898BB /* QuoteModel.swift in Sources */,
				288356F728386384004898BB /* QuoteManagerDelegate.swift in Sources */,
				288356FD28387873004898BB /* DeleteBreakController.swift in Sources */,
				288357032839A702004898BB /* CountDownDelegate.swift in Sources */,
				28A1B97A28347AB100057130 /* BreaksViewController.swift in Sources */,
				28A1B9652834776C00057130 /* BreakItemViewController.swift in Sources */,
				288356EC283853E5004898BB /* QuoteManager.swift in Sources */,
				287CEE7F2836EA050015E90F /* BreakItemCell.swift in Sources */,
				28A1B98328348CDA00057130 /* BreakStruct.swift in Sources */,
				288356E928385335004898BB /* QuoteData.swift in Sources */,
				28A1B9612834776C00057130 /* AppDelegate.swift in Sources */,
				28A1B96B2834776C00057130 /* UnplugApp.xcdatamodeld in Sources */,
				2883570B2839B5EF004898BB /* AddBreakViewController.swift in Sources */,
				28A1B9632834776C00057130 /* SceneDelegate.swift in Sources */,
			);
			runOnlyForDeploymentPostprocessing = 0;
		};
/* End PBXSourcesBuildPhase section */

/* Begin PBXVariantGroup section */
		28A1B9662834776C00057130 /* Main.storyboard */ = {
			isa = PBXVariantGroup;
			children = (
				28A1B9672834776C00057130 /* Base */,
			);
			name = Main.storyboard;
			sourceTree = "<group>";
		};
		28A1B96E2834777000057130 /* LaunchScreen.storyboard */ = {
			isa = PBXVariantGroup;
			children = (
				28A1B96F2834777000057130 /* Base */,
			);
			name = LaunchScreen.storyboard;
			sourceTree = "<group>";
		};
/* End PBXVariantGroup section */

/* Begin XCBuildConfiguration section */
		28A1B9722834777000057130 /* Debug */ = {
			isa = XCBuildConfiguration;
			buildSettings = {
				ALWAYS_SEARCH_USER_PATHS = NO;
				CLANG_ANALYZER_NONNULL = YES;
				CLANG_ANALYZER_NUMBER_OBJECT_CONVERSION = YES_AGGRESSIVE;
				CLANG_CXX_LANGUAGE_STANDARD = "gnu++14";
				CLANG_CXX_LIBRARY = "libc++";
				CLANG_ENABLE_MODULES = YES;
				CLANG_ENABLE_OBJC_ARC = YES;
				CLANG_ENABLE_OBJC_WEAK = YES;
				CLANG_WARN_BLOCK_CAPTURE_AUTORELEASING = YES;
				CLANG_WARN_BOOL_CONVERSION = YES;
				CLANG_WARN_COMMA = YES;
				CLANG_WARN_CONSTANT_CONVERSION = YES;
				CLANG_WARN_DEPRECATED_OBJC_IMPLEMENTATIONS = YES;
				CLANG_WARN_DIRECT_OBJC_ISA_USAGE = YES_ERROR;
				CLANG_WARN_DOCUMENTATION_COMMENTS = YES;
				CLANG_WARN_EMPTY_BODY = YES;
				CLANG_WARN_ENUM_CONVERSION = YES;
				CLANG_WARN_INFINITE_RECURSION = YES;
				CLANG_WARN_INT_CONVERSION = YES;
				CLANG_WARN_NON_LITERAL_NULL_CONVERSION = YES;
				CLANG_WARN_OBJC_IMPLICIT_RETAIN_SELF = YES;
				CLANG_WARN_OBJC_LITERAL_CONVERSION = YES;
				CLANG_WARN_OBJC_ROOT_CLASS = YES_ERROR;
				CLANG_WARN_QUOTED_INCLUDE_IN_FRAMEWORK_HEADER = YES;
				CLANG_WARN_RANGE_LOOP_ANALYSIS = YES;
				CLANG_WARN_STRICT_PROTOTYPES = YES;
				CLANG_WARN_SUSPICIOUS_MOVE = YES;
				CLANG_WARN_UNGUARDED_AVAILABILITY = YES_AGGRESSIVE;
				CLANG_WARN_UNREACHABLE_CODE = YES;
				CLANG_WARN__DUPLICATE_METHOD_MATCH = YES;
				COPY_PHASE_STRIP = NO;
				DEBUG_INFORMATION_FORMAT = dwarf;
				ENABLE_STRICT_OBJC_MSGSEND = YES;
				ENABLE_TESTABILITY = YES;
				GCC_C_LANGUAGE_STANDARD = gnu11;
				GCC_DYNAMIC_NO_PIC = NO;
				GCC_NO_COMMON_BLOCKS = YES;
				GCC_OPTIMIZATION_LEVEL = 0;
				GCC_PREPROCESSOR_DEFINITIONS = (
					"DEBUG=1",
					"$(inherited)",
				);
				GCC_WARN_64_TO_32_BIT_CONVERSION = YES;
				GCC_WARN_ABOUT_RETURN_TYPE = YES_ERROR;
				GCC_WARN_UNDECLARED_SELECTOR = YES;
				GCC_WARN_UNINITIALIZED_AUTOS = YES_AGGRESSIVE;
				GCC_WARN_UNUSED_FUNCTION = YES;
				GCC_WARN_UNUSED_VARIABLE = YES;
				IPHONEOS_DEPLOYMENT_TARGET = 14.4;
				MTL_ENABLE_DEBUG_INFO = INCLUDE_SOURCE;
				MTL_FAST_MATH = YES;
				ONLY_ACTIVE_ARCH = YES;
				SDKROOT = iphoneos;
				SWIFT_ACTIVE_COMPILATION_CONDITIONS = DEBUG;
				SWIFT_OPTIMIZATION_LEVEL = "-Onone";
			};
			name = Debug;
		};
		28A1B9732834777000057130 /* Release */ = {
			isa = XCBuildConfiguration;
			buildSettings = {
				ALWAYS_SEARCH_USER_PATHS = NO;
				CLANG_ANALYZER_NONNULL = YES;
				CLANG_ANALYZER_NUMBER_OBJECT_CONVERSION = YES_AGGRESSIVE;
				CLANG_CXX_LANGUAGE_STANDARD = "gnu++14";
				CLANG_CXX_LIBRARY = "libc++";
				CLANG_ENABLE_MODULES = YES;
				CLANG_ENABLE_OBJC_ARC = YES;
				CLANG_ENABLE_OBJC_WEAK = YES;
				CLANG_WARN_BLOCK_CAPTURE_AUTORELEASING = YES;
				CLANG_WARN_BOOL_CONVERSION = YES;
				CLANG_WARN_COMMA = YES;
				CLANG_WARN_CONSTANT_CONVERSION = YES;
				CLANG_WARN_DEPRECATED_OBJC_IMPLEMENTATIONS = YES;
				CLANG_WARN_DIRECT_OBJC_ISA_USAGE = YES_ERROR;
				CLANG_WARN_DOCUMENTATION_COMMENTS = YES;
				CLANG_WARN_EMPTY_BODY = YES;
				CLANG_WARN_ENUM_CONVERSION = YES;
				CLANG_WARN_INFINITE_RECURSION = YES;
				CLANG_WARN_INT_CONVERSION = YES;
				CLANG_WARN_NON_LITERAL_NULL_CONVERSION = YES;
				CLANG_WARN_OBJC_IMPLICIT_RETAIN_SELF = YES;
				CLANG_WARN_OBJC_LITERAL_CONVERSION = YES;
				CLANG_WARN_OBJC_ROOT_CLASS = YES_ERROR;
				CLANG_WARN_QUOTED_INCLUDE_IN_FRAMEWORK_HEADER = YES;
				CLANG_WARN_RANGE_LOOP_ANALYSIS = YES;
				CLANG_WARN_STRICT_PROTOTYPES = YES;
				CLANG_WARN_SUSPICIOUS_MOVE = YES;
				CLANG_WARN_UNGUARDED_AVAILABILITY = YES_AGGRESSIVE;
				CLANG_WARN_UNREACHABLE_CODE = YES;
				CLANG_WARN__DUPLICATE_METHOD_MATCH = YES;
				COPY_PHASE_STRIP = NO;
				DEBUG_INFORMATION_FORMAT = "dwarf-with-dsym";
				ENABLE_NS_ASSERTIONS = NO;
				ENABLE_STRICT_OBJC_MSGSEND = YES;
				GCC_C_LANGUAGE_STANDARD = gnu11;
				GCC_NO_COMMON_BLOCKS = YES;
				GCC_WARN_64_TO_32_BIT_CONVERSION = YES;
				GCC_WARN_ABOUT_RETURN_TYPE = YES_ERROR;
				GCC_WARN_UNDECLARED_SELECTOR = YES;
				GCC_WARN_UNINITIALIZED_AUTOS = YES_AGGRESSIVE;
				GCC_WARN_UNUSED_FUNCTION = YES;
				GCC_WARN_UNUSED_VARIABLE = YES;
				IPHONEOS_DEPLOYMENT_TARGET = 14.4;
				MTL_ENABLE_DEBUG_INFO = NO;
				MTL_FAST_MATH = YES;
				SDKROOT = iphoneos;
				SWIFT_COMPILATION_MODE = wholemodule;
				SWIFT_OPTIMIZATION_LEVEL = "-O";
				VALIDATE_PRODUCT = YES;
			};
			name = Release;
		};
		28A1B9752834777000057130 /* Debug */ = {
			isa = XCBuildConfiguration;
			buildSettings = {
				ASSETCATALOG_COMPILER_APPICON_NAME = AppIcon;
				ASSETCATALOG_COMPILER_GLOBAL_ACCENT_COLOR_NAME = AccentColor;
				CODE_SIGN_STYLE = Automatic;
				DEVELOPMENT_TEAM = 4W3WWQNA54;
				INFOPLIST_FILE = UnplugApp/Info.plist;
				LD_RUNPATH_SEARCH_PATHS = (
					"$(inherited)",
					"@executable_path/Frameworks",
				);
				PRODUCT_BUNDLE_IDENTIFIER = co.za.idnight.UnplugApp;
				PRODUCT_NAME = "$(TARGET_NAME)";
				SWIFT_VERSION = 5.0;
				TARGETED_DEVICE_FAMILY = "1,2";
			};
			name = Debug;
		};
		28A1B9762834777000057130 /* Release */ = {
			isa = XCBuildConfiguration;
			buildSettings = {
				ASSETCATALOG_COMPILER_APPICON_NAME = AppIcon;
				ASSETCATALOG_COMPILER_GLOBAL_ACCENT_COLOR_NAME = AccentColor;
				CODE_SIGN_STYLE = Automatic;
				DEVELOPMENT_TEAM = 4W3WWQNA54;
				INFOPLIST_FILE = UnplugApp/Info.plist;
				LD_RUNPATH_SEARCH_PATHS = (
					"$(inherited)",
					"@executable_path/Frameworks",
				);
				PRODUCT_BUNDLE_IDENTIFIER = co.za.idnight.UnplugApp;
				PRODUCT_NAME = "$(TARGET_NAME)";
				SWIFT_VERSION = 5.0;
				TARGETED_DEVICE_FAMILY = "1,2";
			};
			name = Release;
		};
/* End XCBuildConfiguration section */

/* Begin XCConfigurationList section */
		28A1B9582834776C00057130 /* Build configuration list for PBXProject "UnplugApp" */ = {
			isa = XCConfigurationList;
			buildConfigurations = (
				28A1B9722834777000057130 /* Debug */,
				28A1B9732834777000057130 /* Release */,
			);
			defaultConfigurationIsVisible = 0;
			defaultConfigurationName = Release;
		};
		28A1B9742834777000057130 /* Build configuration list for PBXNativeTarget "UnplugApp" */ = {
			isa = XCConfigurationList;
			buildConfigurations = (
				28A1B9752834777000057130 /* Debug */,
				28A1B9762834777000057130 /* Release */,
			);
			defaultConfigurationIsVisible = 0;
			defaultConfigurationName = Release;
		};
/* End XCConfigurationList section */

/* Begin XCVersionGroup section */
		28A1B9692834776C00057130 /* UnplugApp.xcdatamodeld */ = {
			isa = XCVersionGroup;
			children = (
				28A1B96A2834776C00057130 /* UnplugApp.xcdatamodel */,
			);
			currentVersion = 28A1B96A2834776C00057130 /* UnplugApp.xcdatamodel */;
			path = UnplugApp.xcdatamodeld;
			sourceTree = "<group>";
			versionGroupType = wrapper.xcdatamodel;
		};
/* End XCVersionGroup section */
	};
	rootObject = 28A1B9552834776C00057130 /* Project object */;
}
